        # Generated by pub. See: http://pub.dartlang.org/doc/glossary.html#lockfile
         {"packages":{"mongo_dart":{"version":"0.1.11","source":"git","description":{"url":"git://github.com/vadimtsushko/mongo_dart.git","ref":null,"resolved-ref":"0e81e989caadfb232749310e09bfb000f40e24cc"}},"log4dart":{"version":"1.4.3","source":"git","description":{"url":"git://github.com/ltackmann/log4dart.git","ref":null,"resolved-ref":"03647c49fe32886f3ff3e09f95ecf3a847ebc75f"}},"unittest":{"version":"0.4.3+1","source":"hosted","description":"unittest"},"logging":{"version":"0.4.4+4","source":"hosted","description":"logging"},"args":{"version":"0.4.4+4","source":"hosted","description":"args"},"meta":{"version":"0.4.3+1","source":"hosted","description":"meta"},"sprintf":{"version":"1.0.5","source":"hosted","description":"sprintf"}}}
        